
Microsoft Visual Studio Solution File, Format Version 12.00
# Visual Studio Version 16
VisualStudioVersion = 16.0.30907.101
MinimumVisualStudioVersion = 10.0.40219.1
Project("{FAE04EC0-301F-11D3-BF4B-00C04F79EFBC}") = "Server", "Server\Server.csproj", "{C59C22DD-9A3C-44EB-87EA-114E73A1626D}"
EndProject
Project("{FAE04EC0-301F-11D3-BF4B-00C04F79EFBC}") = "Client", "Client\Client.csproj", "{FB84FBD0-578A-4F29-970A-A2C0599F0785}"
EndProject
Global
	GlobalSection(SolutionConfigurationPlatforms) = preSolution
		Debug|Any CPU = Debug|Any CPU
		Release|Any CPU = Release|Any CPU
	EndGlobalSection
	GlobalSection(ProjectConfigurationPlatforms) = postSolution
		{C59C22DD-9A3C-44EB-87EA-114E73A1626D}.Debug|Any CPU.ActiveCfg = Debug|Any CPU
		{C59C22DD-9A3C-44EB-87EA-114E73A1626D}.Debug|Any CPU.Build.0 = Debug|Any CPU
		{C59C22DD-9A3C-44EB-87EA-114E73A1626D}.Release|Any CPU.ActiveCfg = Release|Any CPU
		{C59C22DD-9A3C-44EB-87EA-114E73A1626D}.Release|Any CPU.Build.0 = Release|Any CPU
		{FB84FBD0-578A-4F29-970A-A2C0599F0785}.Debug|Any CPU.ActiveCfg = Debug|Any CPU
		{FB84FBD0-578A-4F29-970A-A2C0599F0785}.Debug|Any CPU.Build.0 = Debug|Any CPU
		{FB84FBD0-578A-4F29-970A-A2C0599F0785}.Release|Any CPU.ActiveCfg = Release|Any CPU
		{FB84FBD0-578A-4F29-970A-A2C0599F0785}.Release|Any CPU.Build.0 = Release|Any CPU
	EndGlobalSection
	GlobalSection(SolutionProperties) = preSolution
		HideSolutionNode = FALSE
	EndGlobalSection
	GlobalSection(ExtensibilityGlobals) = postSolution
		SolutionGuid = {F6B97853-D67D-433C-961B-E6371AEE265D}
	EndGlobalSection
EndGlobal
